
Microsoft Visual Studio Solution File, Format Version 12.00
# Visual Studio 15
VisualStudioVersion = 15.0.26730.15
MinimumVisualStudioVersion = 10.0.40219.1
Project("{FAE04EC0-301F-11D3-BF4B-00C04F79EFBC}") = "Current Weather Data", "OpenWeatherMap API Wrapper\Current Weather Data.csproj", "{3CAC43A6-5DE2-4F5C-B978-2A26BC008B92}"
EndProject
Project("{FAE04EC0-301F-11D3-BF4B-00C04F79EFBC}") = "Current Weather Data Unit Test", "Current Weather Data Test\Current Weather Data Unit Test.csproj", "{AC64E22C-ADF1-4154-B3A0-7D1C12A4C55E}"
EndProject
Project("{FAE04EC0-301F-11D3-BF4B-00C04F79EFBC}") = "Json From Web", "Json From Web\Json From Web.csproj", "{23D882FD-5906-425C-88CA-C26391790CB9}"
EndProject
Project("{FAE04EC0-301F-11D3-BF4B-00C04F79EFBC}") = "Json From Web Unit Test", "Json From Web Test\Json From Web Unit Test.csproj", "{6FE7CBC0-7E2E-4BEC-87A0-D33C1A56016B}"
EndProject
Project("{FAE04EC0-301F-11D3-BF4B-00C04F79EFBC}") = "City List From Json", "City List From Json\City List From Json.csproj", "{B89343F1-135B-44BA-8E7B-2202B985DEB6}"
EndProject
Project("{FAE04EC0-301F-11D3-BF4B-00C04F79EFBC}") = "City List From Json Unit Test", "City List From Json Unit Test\City List From Json Unit Test.csproj", "{9FC55D55-B17B-4CC2-8B78-9DA1E3B821AA}"
EndProject
Global
	GlobalSection(SolutionConfigurationPlatforms) = preSolution
		Debug|Any CPU = Debug|Any CPU
		Release|Any CPU = Release|Any CPU
	EndGlobalSection
	GlobalSection(ProjectConfigurationPlatforms) = postSolution
		{3CAC43A6-5DE2-4F5C-B978-2A26BC008B92}.Debug|Any CPU.ActiveCfg = Debug|Any CPU
		{3CAC43A6-5DE2-4F5C-B978-2A26BC008B92}.Debug|Any CPU.Build.0 = Debug|Any CPU
		{3CAC43A6-5DE2-4F5C-B978-2A26BC008B92}.Release|Any CPU.ActiveCfg = Release|Any CPU
		{3CAC43A6-5DE2-4F5C-B978-2A26BC008B92}.Release|Any CPU.Build.0 = Release|Any CPU
		{AC64E22C-ADF1-4154-B3A0-7D1C12A4C55E}.Debug|Any CPU.ActiveCfg = Debug|Any CPU
		{AC64E22C-ADF1-4154-B3A0-7D1C12A4C55E}.Debug|Any CPU.Build.0 = Debug|Any CPU
		{AC64E22C-ADF1-4154-B3A0-7D1C12A4C55E}.Release|Any CPU.ActiveCfg = Release|Any CPU
		{AC64E22C-ADF1-4154-B3A0-7D1C12A4C55E}.Release|Any CPU.Build.0 = Release|Any CPU
		{23D882FD-5906-425C-88CA-C26391790CB9}.Debug|Any CPU.ActiveCfg = Debug|Any CPU
		{23D882FD-5906-425C-88CA-C26391790CB9}.Debug|Any CPU.Build.0 = Debug|Any CPU
		{23D882FD-5906-425C-88CA-C26391790CB9}.Release|Any CPU.ActiveCfg = Release|Any CPU
		{23D882FD-5906-425C-88CA-C26391790CB9}.Release|Any CPU.Build.0 = Release|Any CPU
		{6FE7CBC0-7E2E-4BEC-87A0-D33C1A56016B}.Debug|Any CPU.ActiveCfg = Debug|Any CPU
		{6FE7CBC0-7E2E-4BEC-87A0-D33C1A56016B}.Debug|Any CPU.Build.0 = Debug|Any CPU
		{6FE7CBC0-7E2E-4BEC-87A0-D33C1A56016B}.Release|Any CPU.ActiveCfg = Release|Any CPU
		{6FE7CBC0-7E2E-4BEC-87A0-D33C1A56016B}.Release|Any CPU.Build.0 = Release|Any CPU
		{B89343F1-135B-44BA-8E7B-2202B985DEB6}.Debug|Any CPU.ActiveCfg = Debug|Any CPU
		{B89343F1-135B-44BA-8E7B-2202B985DEB6}.Debug|Any CPU.Build.0 = Debug|Any CPU
		{B89343F1-135B-44BA-8E7B-2202B985DEB6}.Release|Any CPU.ActiveCfg = Release|Any CPU
		{B89343F1-135B-44BA-8E7B-2202B985DEB6}.Release|Any CPU.Build.0 = Release|Any CPU
		{9FC55D55-B17B-4CC2-8B78-9DA1E3B821AA}.Debug|Any CPU.ActiveCfg = Debug|Any CPU
		{9FC55D55-B17B-4CC2-8B78-9DA1E3B821AA}.Debug|Any CPU.Build.0 = Debug|Any CPU
		{9FC55D55-B17B-4CC2-8B78-9DA1E3B821AA}.Release|Any CPU.ActiveCfg = Release|Any CPU
		{9FC55D55-B17B-4CC2-8B78-9DA1E3B821AA}.Release|Any CPU.Build.0 = Release|Any CPU
	EndGlobalSection
	GlobalSection(SolutionProperties) = preSolution
		HideSolutionNode = FALSE
	EndGlobalSection
	GlobalSection(ExtensibilityGlobals) = postSolution
		SolutionGuid = {FD4E15C8-3AF1-4611-AFE1-F2BC563567B9}
	EndGlobalSection
EndGlobal
